{
  "name": "kangbang-e2e",
  "version": "0.0.1",
  "lockfileVersion": 3,
  "requires": true,
  "packages": {
    "": {
      "name": "kangbang-e2e",
      "version": "0.0.1",
      "license": "ISC",
      "dependencies": {
        "@axe-core/playwright": "^4.7.1"
      },
      "devDependencies": {
        "@playwright/test": "~1.30.0",
        "@types/node": "^20.2.3"
      }
    },
    "node_modules/@axe-core/playwright": {
      "version": "4.7.1",
      "resolved": "https://registry.npmjs.org/@axe-core/playwright/-/playwright-4.7.1.tgz",
      "integrity": "sha512-09UDwLChlGiqw9004QJib6Maesy99EOZ9zsLfhBYAt2s5UwufabnD+MoTAmwe+PCv2Jex9k1taeUhebDwIJKqw==",
      "dependencies": {
        "axe-core": "^4.7.0"
      },
      "peerDependencies": {
        "playwright": ">= 1.0.0"
      }
    },
    "node_modules/@playwright/test": {
      "version": "1.30.0",
      "resolved": "https://registry.npmjs.org/@playwright/test/-/test-1.30.0.tgz",
      "integrity": "sha512-SVxkQw1xvn/Wk/EvBnqWIq6NLo1AppwbYOjNLmyU0R1RoQ3rLEBtmjTnElcnz8VEtn11fptj1ECxK0tgURhajw==",
      "dev": true,
      "dependencies": {
        "@types/node": "*",
        "playwright-core": "1.30.0"
      },
      "bin": {
        "playwright": "cli.js"
      },
      "engines": {
        "node": ">=14"
      }
    },
    "node_modules/@types/node": {
      "version": "20.2.3",
      "resolved": "https://registry.npmjs.org/@types/node/-/node-20.2.3.tgz",
      "integrity": "sha512-pg9d0yC4rVNWQzX8U7xb4olIOFuuVL9za3bzMT2pu2SU0SNEi66i2qrvhE2qt0HvkhuCaWJu7pLNOt/Pj8BIrw==",
      "dev": true
    },
    "node_modules/axe-core": {
      "version": "4.7.2",
      "resolved": "https://registry.npmjs.org/axe-core/-/axe-core-4.7.2.tgz",
      "integrity": "sha512-zIURGIS1E1Q4pcrMjp+nnEh+16G56eG/MUllJH8yEvw7asDo7Ac9uhC9KIH5jzpITueEZolfYglnCGIuSBz39g==",
      "engines": {
        "node": ">=4"
      }
    },
    "node_modules/playwright": {
      "version": "1.34.3",
      "resolved": "https://registry.npmjs.org/playwright/-/playwright-1.34.3.tgz",
      "integrity": "sha512-UOOVE4ZbGfGkP1KVqWTdXOmm8Pw2pBhfbmlqKMkpiRCQjL5W+J+xRQXpgutFr0iM4pWl8g0GyyASMsqjQfFohw==",
      "hasInstallScript": true,
      "peer": true,
      "dependencies": {
        "playwright-core": "1.34.3"
      },
      "bin": {
        "playwright": "cli.js"
      },
      "engines": {
        "node": ">=14"
      }
    },
    "node_modules/playwright-core": {
      "version": "1.30.0",
      "resolved": "https://registry.npmjs.org/playwright-core/-/playwright-core-1.30.0.tgz",
      "integrity": "sha512-7AnRmTCf+GVYhHbLJsGUtskWTE33SwMZkybJ0v6rqR1boxq2x36U7p1vDRV7HO2IwTZgmycracLxPEJI49wu4g==",
      "dev": true,
      "bin": {
        "playwright": "cli.js"
      },
      "engines": {
        "node": ">=14"
      }
    },
    "node_modules/playwright/node_modules/playwright-core": {
      "version": "1.34.3",
      "resolved": "https://registry.npmjs.org/playwright-core/-/playwright-core-1.34.3.tgz",
      "integrity": "sha512-2pWd6G7OHKemc5x1r1rp8aQcpvDh7goMBZlJv6Co5vCNLVcQJdhxRL09SGaY6HcyHH9aT4tiynZabMofVasBYw==",
      "peer": true,
      "bin": {
        "playwright-core": "cli.js"
      },
      "engines": {
        "node": ">=14"
      }
    }
  }
}
